
Microsoft Visual Studio Solution File, Format Version 12.00
# Visual Studio 14
VisualStudioVersion = 14.0.25420.1
MinimumVisualStudioVersion = 10.0.40219.1
Project("{FAE04EC0-301F-11D3-BF4B-00C04F79EFBC}") = "test0926_Object", "test0926_Object\test0926_Object.csproj", "{2BD45891-9188-47DB-952E-8B43C26B6088}"
EndProject
Global
	GlobalSection(SolutionConfigurationPlatforms) = preSolution
		Debug|Any CPU = Debug|Any CPU
		Release|Any CPU = Release|Any CPU
	EndGlobalSection
	GlobalSection(ProjectConfigurationPlatforms) = postSolution
		{2BD45891-9188-47DB-952E-8B43C26B6088}.Debug|Any CPU.ActiveCfg = Debug|Any CPU
		{2BD45891-9188-47DB-952E-8B43C26B6088}.Debug|Any CPU.Build.0 = Debug|Any CPU
		{2BD45891-9188-47DB-952E-8B43C26B6088}.Release|Any CPU.ActiveCfg = Release|Any CPU
		{2BD45891-9188-47DB-952E-8B43C26B6088}.Release|Any CPU.Build.0 = Release|Any CPU
	EndGlobalSection
	GlobalSection(SolutionProperties) = preSolution
		HideSolutionNode = FALSE
	EndGlobalSection
EndGlobal
