
Microsoft Visual Studio Solution File, Format Version 12.00
# Visual Studio 14
VisualStudioVersion = 14.0.25420.1
MinimumVisualStudioVersion = 10.0.40219.1
Project("{FAE04EC0-301F-11D3-BF4B-00C04F79EFBC}") = "test0926_EXE", "test0926_EXE\test0926_EXE.csproj", "{A66A8333-D7DA-4BB9-BB23-3DA3BEDFFCCB}"
EndProject
Project("{FAE04EC0-301F-11D3-BF4B-00C04F79EFBC}") = "test0926_DLL", "test0926_DLL\test0926_DLL.csproj", "{89764A96-0F25-4F5C-9518-F16F51AF3BF0}"
EndProject
Global
	GlobalSection(SolutionConfigurationPlatforms) = preSolution
		Debug|Any CPU = Debug|Any CPU
		Release|Any CPU = Release|Any CPU
	EndGlobalSection
	GlobalSection(ProjectConfigurationPlatforms) = postSolution
		{A66A8333-D7DA-4BB9-BB23-3DA3BEDFFCCB}.Debug|Any CPU.ActiveCfg = Debug|Any CPU
		{A66A8333-D7DA-4BB9-BB23-3DA3BEDFFCCB}.Debug|Any CPU.Build.0 = Debug|Any CPU
		{A66A8333-D7DA-4BB9-BB23-3DA3BEDFFCCB}.Release|Any CPU.ActiveCfg = Release|Any CPU
		{A66A8333-D7DA-4BB9-BB23-3DA3BEDFFCCB}.Release|Any CPU.Build.0 = Release|Any CPU
		{89764A96-0F25-4F5C-9518-F16F51AF3BF0}.Debug|Any CPU.ActiveCfg = Debug|Any CPU
		{89764A96-0F25-4F5C-9518-F16F51AF3BF0}.Debug|Any CPU.Build.0 = Debug|Any CPU
		{89764A96-0F25-4F5C-9518-F16F51AF3BF0}.Release|Any CPU.ActiveCfg = Release|Any CPU
		{89764A96-0F25-4F5C-9518-F16F51AF3BF0}.Release|Any CPU.Build.0 = Release|Any CPU
	EndGlobalSection
	GlobalSection(SolutionProperties) = preSolution
		HideSolutionNode = FALSE
	EndGlobalSection
EndGlobal
